
Microsoft Visual Studio Solution File, Format Version 12.00
# Visual Studio Version 16
VisualStudioVersion = 16.0.32630.194
MinimumVisualStudioVersion = 10.0.40219.1
Project("{FAE04EC0-301F-11D3-BF4B-00C04F79EFBC}") = "ProjectAnalizer", "ProjectAnalizer.csproj", "{FC37E76E-5E18-4A78-AB28-FE3340EAA229}"
EndProject
Global
	GlobalSection(SolutionConfigurationPlatforms) = preSolution
		Debug|Any CPU = Debug|Any CPU
		Release|Any CPU = Release|Any CPU
	EndGlobalSection
	GlobalSection(ProjectConfigurationPlatforms) = postSolution
		{FC37E76E-5E18-4A78-AB28-FE3340EAA229}.Debug|Any CPU.ActiveCfg = Debug|Any CPU
		{FC37E76E-5E18-4A78-AB28-FE3340EAA229}.Debug|Any CPU.Build.0 = Debug|Any CPU
		{FC37E76E-5E18-4A78-AB28-FE3340EAA229}.Release|Any CPU.ActiveCfg = Release|Any CPU
		{FC37E76E-5E18-4A78-AB28-FE3340EAA229}.Release|Any CPU.Build.0 = Release|Any CPU
	EndGlobalSection
	GlobalSection(SolutionProperties) = preSolution
		HideSolutionNode = FALSE
	EndGlobalSection
	GlobalSection(ExtensibilityGlobals) = postSolution
		SolutionGuid = {0D46E2AC-D27D-4EB3-9847-B53FB96A7EF8}
	EndGlobalSection
EndGlobal
